<Solution>
  <Project Path="Century.Battle.csproj" />
  <Project Path="Century.Core.csproj" />
  <Project Path="Century.Campaign.csproj" />
  <Project Path="Assembly-CSharp-Editor.csproj" />
  <Project Path="Century.App.csproj" />
  <Project Path="Assembly-CSharp.csproj" />
  <Project Path="Century.EditorTools.csproj" />
</Solution>
